// !$*UTF8*$!
{
	archiveVersion = 1;
	classes = {
	};
	objectVersion = 50;
	objects = {

/* Begin PBXBuildFile section */
		DAA4B01D2148D2C100060B4E /* isInt.swift in Sources */ = {isa = PBXBuildFile; fileRef = DAA4B01C2148D2C100060B4E /* isInt.swift */; };
		DAC48A232137FBB400B272A0 /* HeroesFactory.swift in Sources */ = {isa = PBXBuildFile; fileRef = DAC48A222137FBB400B272A0 /* HeroesFactory.swift */; };
		DAC48A252137FD3600B272A0 /* TeamFactory.swift in Sources */ = {isa = PBXBuildFile; fileRef = DAC48A242137FD3600B272A0 /* TeamFactory.swift */; };
		DACE8DDE2157A88500571728 /* Game.swift in Sources */ = {isa = PBXBuildFile; fileRef = DACE8DDD2157A88500571728 /* Game.swift */; };
		DADC28052142D837008E91A7 /* TheReturn_test.swift in Sources */ = {isa = PBXBuildFile; fileRef = DADC28042142D837008E91A7 /* TheReturn_test.swift */; };
		DAE1BA90212DBF58008FEE18 /* main.swift in Sources */ = {isa = PBXBuildFile; fileRef = DAE1BA8F212DBF58008FEE18 /* main.swift */; };
		DAE1BA9F212DC2CB008FEE18 /* Team.swift in Sources */ = {isa = PBXBuildFile; fileRef = DAE1BA9E212DC2CB008FEE18 /* Team.swift */; };
		DAE1BAA1212DC2E2008FEE18 /* Heroes.swift in Sources */ = {isa = PBXBuildFile; fileRef = DAE1BAA0212DC2E2008FEE18 /* Heroes.swift */; };
		DAE1BAA3212DC300008FEE18 /* Fighter.swift in Sources */ = {isa = PBXBuildFile; fileRef = DAE1BAA2212DC300008FEE18 /* Fighter.swift */; };
		DAE1BAA5212DC315008FEE18 /* Dwarf.swift in Sources */ = {isa = PBXBuildFile; fileRef = DAE1BAA4212DC315008FEE18 /* Dwarf.swift */; };
		DAE1BAA7212DC333008FEE18 /* Colossus.swift in Sources */ = {isa = PBXBuildFile; fileRef = DAE1BAA6212DC333008FEE18 /* Colossus.swift */; };
		DAE1BAA9212DC345008FEE18 /* Wizard.swift in Sources */ = {isa = PBXBuildFile; fileRef = DAE1BAA8212DC345008FEE18 /* Wizard.swift */; };
		DAE1BAAB212DC366008FEE18 /* Equipment.swift in Sources */ = {isa = PBXBuildFile; fileRef = DAE1BAAA212DC366008FEE18 /* Equipment.swift */; };
/* End PBXBuildFile section */

/* Begin PBXCopyFilesBuildPhase section */
		DAE1BA8A212DBF58008FEE18 /* CopyFiles */ = {
			isa = PBXCopyFilesBuildPhase;
			buildActionMask = 2147483647;
			dstPath = /usr/share/man/man1/;
			dstSubfolderSpec = 0;
			files = (
			);
			runOnlyForDeploymentPostprocessing = 1;
		};
/* End PBXCopyFilesBuildPhase section */

/* Begin PBXFileReference section */
		DAA4B01C2148D2C100060B4E /* isInt.swift */ = {isa = PBXFileReference; lastKnownFileType = sourcecode.swift; path = isInt.swift; sourceTree = "<group>"; };
		DAC48A222137FBB400B272A0 /* HeroesFactory.swift */ = {isa = PBXFileReference; lastKnownFileType = sourcecode.swift; path = HeroesFactory.swift; sourceTree = "<group>"; };
		DAC48A242137FD3600B272A0 /* TeamFactory.swift */ = {isa = PBXFileReference; lastKnownFileType = sourcecode.swift; path = TeamFactory.swift; sourceTree = "<group>"; };
		DACE8DDD2157A88500571728 /* Game.swift */ = {isa = PBXFileReference; fileEncoding = 4; lastKnownFileType = sourcecode.swift; name = Game.swift; path = ../../../../Game.swift; sourceTree = "<group>"; };
		DADC28022142D837008E91A7 /* TheReturn_test.xctest */ = {isa = PBXFileReference; explicitFileType = wrapper.cfbundle; includeInIndex = 0; path = TheReturn_test.xctest; sourceTree = BUILT_PRODUCTS_DIR; };
		DADC28042142D837008E91A7 /* TheReturn_test.swift */ = {isa = PBXFileReference; lastKnownFileType = sourcecode.swift; path = TheReturn_test.swift; sourceTree = "<group>"; };
		DADC28062142D837008E91A7 /* Info.plist */ = {isa = PBXFileReference; lastKnownFileType = text.plist.xml; path = Info.plist; sourceTree = "<group>"; };
		DAE1BA8C212DBF58008FEE18 /* The Return Of The Wizard */ = {isa = PBXFileReference; explicitFileType = "compiled.mach-o.executable"; includeInIndex = 0; path = "The Return Of The Wizard"; sourceTree = BUILT_PRODUCTS_DIR; };
		DAE1BA8F212DBF58008FEE18 /* main.swift */ = {isa = PBXFileReference; lastKnownFileType = sourcecode.swift; path = main.swift; sourceTree = "<group>"; };
		DAE1BA9E212DC2CB008FEE18 /* Team.swift */ = {isa = PBXFileReference; lastKnownFileType = sourcecode.swift; path = Team.swift; sourceTree = "<group>"; };
		DAE1BAA0212DC2E2008FEE18 /* Heroes.swift */ = {isa = PBXFileReference; lastKnownFileType = sourcecode.swift; path = Heroes.swift; sourceTree = "<group>"; };
		DAE1BAA2212DC300008FEE18 /* Fighter.swift */ = {isa = PBXFileReference; lastKnownFileType = sourcecode.swift; path = Fighter.swift; sourceTree = "<group>"; };
		DAE1BAA4212DC315008FEE18 /* Dwarf.swift */ = {isa = PBXFileReference; lastKnownFileType = sourcecode.swift; path = Dwarf.swift; sourceTree = "<group>"; };
		DAE1BAA6212DC333008FEE18 /* Colossus.swift */ = {isa = PBXFileReference; lastKnownFileType = sourcecode.swift; path = Colossus.swift; sourceTree = "<group>"; };
		DAE1BAA8212DC345008FEE18 /* Wizard.swift */ = {isa = PBXFileReference; lastKnownFileType = sourcecode.swift; path = Wizard.swift; sourceTree = "<group>"; };
		DAE1BAAA212DC366008FEE18 /* Equipment.swift */ = {isa = PBXFileReference; lastKnownFileType = sourcecode.swift; path = Equipment.swift; sourceTree = "<group>"; };
/* End PBXFileReference section */

/* Begin PBXFrameworksBuildPhase section */
		DADC27FF2142D837008E91A7 /* Frameworks */ = {
			isa = PBXFrameworksBuildPhase;
			buildActionMask = 2147483647;
			files = (
			);
			runOnlyForDeploymentPostprocessing = 0;
		};
		DAE1BA89212DBF58008FEE18 /* Frameworks */ = {
			isa = PBXFrameworksBuildPhase;
			buildActionMask = 2147483647;
			files = (
			);
			runOnlyForDeploymentPostprocessing = 0;
		};
/* End PBXFrameworksBuildPhase section */

/* Begin PBXGroup section */
		DAA4B01E2148D35800060B4E /* Extensions */ = {
			isa = PBXGroup;
			children = (
				DAA4B01C2148D2C100060B4E /* isInt.swift */,
			);
			path = Extensions;
			sourceTree = "<group>";
		};
		DADC28032142D837008E91A7 /* TheReturn_test */ = {
			isa = PBXGroup;
			children = (
				DADC28042142D837008E91A7 /* TheReturn_test.swift */,
				DADC28062142D837008E91A7 /* Info.plist */,
			);
			path = TheReturn_test;
			sourceTree = "<group>";
		};
		DAE1BA83212DBF57008FEE18 = {
			isa = PBXGroup;
			children = (
				DAE1BA8E212DBF58008FEE18 /* The Return Of The Wizard */,
				DADC28032142D837008E91A7 /* TheReturn_test */,
				DAE1BA8D212DBF58008FEE18 /* Products */,
			);
			sourceTree = "<group>";
		};
		DAE1BA8D212DBF58008FEE18 /* Products */ = {
			isa = PBXGroup;
			children = (
				DAE1BA8C212DBF58008FEE18 /* The Return Of The Wizard */,
				DADC28022142D837008E91A7 /* TheReturn_test.xctest */,
			);
			name = Products;
			sourceTree = "<group>";
		};
		DAE1BA8E212DBF58008FEE18 /* The Return Of The Wizard */ = {
			isa = PBXGroup;
			children = (
				DAE1BA8F212DBF58008FEE18 /* main.swift */,
				DAE1BA98212DC145008FEE18 /* Game */,
				DAE1BA9A212DC1B1008FEE18 /* Team */,
				DAE1BA99212DC16E008FEE18 /* Heroes */,
				DAE1BA96212DC123008FEE18 /* Equipment */,
				DAA4B01E2148D35800060B4E /* Extensions */,
			);
			path = "The Return Of The Wizard";
			sourceTree = "<group>";
		};
		DAE1BA96212DC123008FEE18 /* Equipment */ = {
			isa = PBXGroup;
			children = (
				DAE1BAAA212DC366008FEE18 /* Equipment.swift */,
			);
			path = Equipment;
			sourceTree = "<group>";
		};
		DAE1BA97212DC139008FEE18 /* Characters */ = {
			isa = PBXGroup;
			children = (
				DAE1BAA2212DC300008FEE18 /* Fighter.swift */,
				DAE1BAA8212DC345008FEE18 /* Wizard.swift */,
				DAE1BAA6212DC333008FEE18 /* Colossus.swift */,
				DAE1BAA4212DC315008FEE18 /* Dwarf.swift */,
			);
			path = Characters;
			sourceTree = "<group>";
		};
		DAE1BA98212DC145008FEE18 /* Game */ = {
			isa = PBXGroup;
			children = (
				DACE8DDD2157A88500571728 /* Game.swift */,
			);
			path = Game;
			sourceTree = "<group>";
		};
		DAE1BA99212DC16E008FEE18 /* Heroes */ = {
			isa = PBXGroup;
			children = (
				DAE1BAA0212DC2E2008FEE18 /* Heroes.swift */,
				DAC48A222137FBB400B272A0 /* HeroesFactory.swift */,
				DAE1BA97212DC139008FEE18 /* Characters */,
			);
			path = Heroes;
			sourceTree = "<group>";
		};
		DAE1BA9A212DC1B1008FEE18 /* Team */ = {
			isa = PBXGroup;
			children = (
				DAE1BA9E212DC2CB008FEE18 /* Team.swift */,
				DAC48A242137FD3600B272A0 /* TeamFactory.swift */,
			);
			path = Team;
			sourceTree = "<group>";
		};
/* End PBXGroup section */

/* Begin PBXNativeTarget section */
		DADC28012142D837008E91A7 /* TheReturn_test */ = {
			isa = PBXNativeTarget;
			buildConfigurationList = DADC28072142D837008E91A7 /* Build configuration list for PBXNativeTarget "TheReturn_test" */;
			buildPhases = (
				DADC27FE2142D837008E91A7 /* Sources */,
				DADC27FF2142D837008E91A7 /* Frameworks */,
				DADC28002142D837008E91A7 /* Resources */,
			);
			buildRules = (
			);
			dependencies = (
			);
			name = TheReturn_test;
			productName = TheReturn_test;
			productReference = DADC28022142D837008E91A7 /* TheReturn_test.xctest */;
			productType = "com.apple.product-type.bundle.unit-test";
		};
		DAE1BA8B212DBF58008FEE18 /* The Return Of The Wizard */ = {
			isa = PBXNativeTarget;
			buildConfigurationList = DAE1BA93212DBF58008FEE18 /* Build configuration list for PBXNativeTarget "The Return Of The Wizard" */;
			buildPhases = (
				DAE1BA88212DBF58008FEE18 /* Sources */,
				DAE1BA89212DBF58008FEE18 /* Frameworks */,
				DAE1BA8A212DBF58008FEE18 /* CopyFiles */,
			);
			buildRules = (
			);
			dependencies = (
			);
			name = "The Return Of The Wizard";
			productName = "The Return Of The Wizard";
			productReference = DAE1BA8C212DBF58008FEE18 /* The Return Of The Wizard */;
			productType = "com.apple.product-type.tool";
		};
/* End PBXNativeTarget section */

/* Begin PBXProject section */
		DAE1BA84212DBF57008FEE18 /* Project object */ = {
			isa = PBXProject;
			attributes = {
				LastSwiftUpdateCheck = 0940;
				LastUpgradeCheck = 0940;
				ORGANIZATIONNAME = "Patrick Wiley";
				TargetAttributes = {
					DADC28012142D837008E91A7 = {
						CreatedOnToolsVersion = 9.4.1;
					};
					DAE1BA8B212DBF58008FEE18 = {
						CreatedOnToolsVersion = 9.4.1;
					};
				};
			};
			buildConfigurationList = DAE1BA87212DBF57008FEE18 /* Build configuration list for PBXProject "The Return Of The Wizard" */;
			compatibilityVersion = "Xcode 9.3";
			developmentRegion = en;
			hasScannedForEncodings = 0;
			knownRegions = (
				en,
			);
			mainGroup = DAE1BA83212DBF57008FEE18;
			productRefGroup = DAE1BA8D212DBF58008FEE18 /* Products */;
			projectDirPath = "";
			projectRoot = "";
			targets = (
				DAE1BA8B212DBF58008FEE18 /* The Return Of The Wizard */,
				DADC28012142D837008E91A7 /* TheReturn_test */,
			);
		};
/* End PBXProject section */

/* Begin PBXResourcesBuildPhase section */
		DADC28002142D837008E91A7 /* Resources */ = {
			isa = PBXResourcesBuildPhase;
			buildActionMask = 2147483647;
			files = (
			);
			runOnlyForDeploymentPostprocessing = 0;
		};
/* End PBXResourcesBuildPhase section */

/* Begin PBXSourcesBuildPhase section */
		DADC27FE2142D837008E91A7 /* Sources */ = {
			isa = PBXSourcesBuildPhase;
			buildActionMask = 2147483647;
			files = (
				DADC28052142D837008E91A7 /* TheReturn_test.swift in Sources */,
			);
			runOnlyForDeploymentPostprocessing = 0;
		};
		DAE1BA88212DBF58008FEE18 /* Sources */ = {
			isa = PBXSourcesBuildPhase;
			buildActionMask = 2147483647;
			files = (
				DAE1BAA9212DC345008FEE18 /* Wizard.swift in Sources */,
				DAE1BA9F212DC2CB008FEE18 /* Team.swift in Sources */,
				DAE1BAA3212DC300008FEE18 /* Fighter.swift in Sources */,
				DACE8DDE2157A88500571728 /* Game.swift in Sources */,
				DAE1BAA5212DC315008FEE18 /* Dwarf.swift in Sources */,
				DAC48A252137FD3600B272A0 /* TeamFactory.swift in Sources */,
				DAE1BAA7212DC333008FEE18 /* Colossus.swift in Sources */,
				DAA4B01D2148D2C100060B4E /* isInt.swift in Sources */,
				DAE1BAA1212DC2E2008FEE18 /* Heroes.swift in Sources */,
				DAE1BAAB212DC366008FEE18 /* Equipment.swift in Sources */,
				DAE1BA90212DBF58008FEE18 /* main.swift in Sources */,
				DAC48A232137FBB400B272A0 /* HeroesFactory.swift in Sources */,
			);
			runOnlyForDeploymentPostprocessing = 0;
		};
/* End PBXSourcesBuildPhase section */

/* Begin XCBuildConfiguration section */
		DADC28082142D837008E91A7 /* Debug */ = {
			isa = XCBuildConfiguration;
			buildSettings = {
				CODE_SIGN_STYLE = Automatic;
				COMBINE_HIDPI_IMAGES = YES;
				DEVELOPMENT_TEAM = 52T6VV3859;
				INFOPLIST_FILE = TheReturn_test/Info.plist;
				LD_RUNPATH_SEARCH_PATHS = (
					"$(inherited)",
					"@executable_path/../Frameworks",
					"@loader_path/../Frameworks",
				);
				PRODUCT_BUNDLE_IDENTIFIER = "DevBerlinIos.TheReturn-test";
				PRODUCT_NAME = "$(TARGET_NAME)";
				SWIFT_VERSION = 4.0;
			};
			name = Debug;
		};
		DADC28092142D837008E91A7 /* Release */ = {
			isa = XCBuildConfiguration;
			buildSettings = {
				CODE_SIGN_STYLE = Automatic;
				COMBINE_HIDPI_IMAGES = YES;
				DEVELOPMENT_TEAM = 52T6VV3859;
				INFOPLIST_FILE = TheReturn_test/Info.plist;
				LD_RUNPATH_SEARCH_PATHS = (
					"$(inherited)",
					"@executable_path/../Frameworks",
					"@loader_path/../Frameworks",
				);
				PRODUCT_BUNDLE_IDENTIFIER = "DevBerlinIos.TheReturn-test";
				PRODUCT_NAME = "$(TARGET_NAME)";
				SWIFT_VERSION = 4.0;
			};
			name = Release;
		};
		DAE1BA91212DBF58008FEE18 /* Debug */ = {
			isa = XCBuildConfiguration;
			buildSettings = {
				ALWAYS_SEARCH_USER_PATHS = NO;
				CLANG_ANALYZER_NONNULL = YES;
				CLANG_ANALYZER_NUMBER_OBJECT_CONVERSION = YES_AGGRESSIVE;
				CLANG_CXX_LANGUAGE_STANDARD = "gnu++14";
				CLANG_CXX_LIBRARY = "libc++";
				CLANG_ENABLE_MODULES = YES;
				CLANG_ENABLE_OBJC_ARC = YES;
				CLANG_ENABLE_OBJC_WEAK = YES;
				CLANG_WARN_BLOCK_CAPTURE_AUTORELEASING = YES;
				CLANG_WARN_BOOL_CONVERSION = YES;
				CLANG_WARN_COMMA = YES;
				CLANG_WARN_CONSTANT_CONVERSION = YES;
				CLANG_WARN_DEPRECATED_OBJC_IMPLEMENTATIONS = YES;
				CLANG_WARN_DIRECT_OBJC_ISA_USAGE = YES_ERROR;
				CLANG_WARN_DOCUMENTATION_COMMENTS = YES;
				CLANG_WARN_EMPTY_BODY = YES;
				CLANG_WARN_ENUM_CONVERSION = YES;
				CLANG_WARN_INFINITE_RECURSION = YES;
				CLANG_WARN_INT_CONVERSION = YES;
				CLANG_WARN_NON_LITERAL_NULL_CONVERSION = YES;
				CLANG_WARN_OBJC_IMPLICIT_RETAIN_SELF = YES;
				CLANG_WARN_OBJC_LITERAL_CONVERSION = YES;
				CLANG_WARN_OBJC_ROOT_CLASS = YES_ERROR;
				CLANG_WARN_RANGE_LOOP_ANALYSIS = YES;
				CLANG_WARN_STRICT_PROTOTYPES = YES;
				CLANG_WARN_SUSPICIOUS_MOVE = YES;
				CLANG_WARN_UNGUARDED_AVAILABILITY = YES_AGGRESSIVE;
				CLANG_WARN_UNREACHABLE_CODE = YES;
				CLANG_WARN__DUPLICATE_METHOD_MATCH = YES;
				CODE_SIGN_IDENTITY = "";
				COPY_PHASE_STRIP = NO;
				DEBUG_INFORMATION_FORMAT = dwarf;
				ENABLE_STRICT_OBJC_MSGSEND = YES;
				ENABLE_TESTABILITY = YES;
				GCC_C_LANGUAGE_STANDARD = gnu11;
				GCC_DYNAMIC_NO_PIC = NO;
				GCC_NO_COMMON_BLOCKS = YES;
				GCC_OPTIMIZATION_LEVEL = 0;
				GCC_PREPROCESSOR_DEFINITIONS = (
					"DEBUG=1",
					"$(inherited)",
				);
				GCC_WARN_64_TO_32_BIT_CONVERSION = YES;
				GCC_WARN_ABOUT_RETURN_TYPE = YES_ERROR;
				GCC_WARN_UNDECLARED_SELECTOR = YES;
				GCC_WARN_UNINITIALIZED_AUTOS = YES_AGGRESSIVE;
				GCC_WARN_UNUSED_FUNCTION = YES;
				GCC_WARN_UNUSED_VARIABLE = YES;
				MACOSX_DEPLOYMENT_TARGET = 10.13;
				MTL_ENABLE_DEBUG_INFO = YES;
				ONLY_ACTIVE_ARCH = YES;
				SDKROOT = macosx;
				SWIFT_ACTIVE_COMPILATION_CONDITIONS = DEBUG;
				SWIFT_OPTIMIZATION_LEVEL = "-Onone";
			};
			name = Debug;
		};
		DAE1BA92212DBF58008FEE18 /* Release */ = {
			isa = XCBuildConfiguration;
			buildSettings = {
				ALWAYS_SEARCH_USER_PATHS = NO;
				CLANG_ANALYZER_NONNULL = YES;
				CLANG_ANALYZER_NUMBER_OBJECT_CONVERSION = YES_AGGRESSIVE;
				CLANG_CXX_LANGUAGE_STANDARD = "gnu++14";
				CLANG_CXX_LIBRARY = "libc++";
				CLANG_ENABLE_MODULES = YES;
				CLANG_ENABLE_OBJC_ARC = YES;
				CLANG_ENABLE_OBJC_WEAK = YES;
				CLANG_WARN_BLOCK_CAPTURE_AUTORELEASING = YES;
				CLANG_WARN_BOOL_CONVERSION = YES;
				CLANG_WARN_COMMA = YES;
				CLANG_WARN_CONSTANT_CONVERSION = YES;
				CLANG_WARN_DEPRECATED_OBJC_IMPLEMENTATIONS = YES;
				CLANG_WARN_DIRECT_OBJC_ISA_USAGE = YES_ERROR;
				CLANG_WARN_DOCUMENTATION_COMMENTS = YES;
				CLANG_WARN_EMPTY_BODY = YES;
				CLANG_WARN_ENUM_CONVERSION = YES;
				CLANG_WARN_INFINITE_RECURSION = YES;
				CLANG_WARN_INT_CONVERSION = YES;
				CLANG_WARN_NON_LITERAL_NULL_CONVERSION = YES;
				CLANG_WARN_OBJC_IMPLICIT_RETAIN_SELF = YES;
				CLANG_WARN_OBJC_LITERAL_CONVERSION = YES;
				CLANG_WARN_OBJC_ROOT_CLASS = YES_ERROR;
				CLANG_WARN_RANGE_LOOP_ANALYSIS = YES;
				CLANG_WARN_STRICT_PROTOTYPES = YES;
				CLANG_WARN_SUSPICIOUS_MOVE = YES;
				CLANG_WARN_UNGUARDED_AVAILABILITY = YES_AGGRESSIVE;
				CLANG_WARN_UNREACHABLE_CODE = YES;
				CLANG_WARN__DUPLICATE_METHOD_MATCH = YES;
				CODE_SIGN_IDENTITY = "";
				COPY_PHASE_STRIP = NO;
				DEBUG_INFORMATION_FORMAT = "dwarf-with-dsym";
				ENABLE_NS_ASSERTIONS = NO;
				ENABLE_STRICT_OBJC_MSGSEND = YES;
				GCC_C_LANGUAGE_STANDARD = gnu11;
				GCC_NO_COMMON_BLOCKS = YES;
				GCC_WARN_64_TO_32_BIT_CONVERSION = YES;
				GCC_WARN_ABOUT_RETURN_TYPE = YES_ERROR;
				GCC_WARN_UNDECLARED_SELECTOR = YES;
				GCC_WARN_UNINITIALIZED_AUTOS = YES_AGGRESSIVE;
				GCC_WARN_UNUSED_FUNCTION = YES;
				GCC_WARN_UNUSED_VARIABLE = YES;
				MACOSX_DEPLOYMENT_TARGET = 10.13;
				MTL_ENABLE_DEBUG_INFO = NO;
				SDKROOT = macosx;
				SWIFT_COMPILATION_MODE = wholemodule;
				SWIFT_OPTIMIZATION_LEVEL = "-O";
			};
			name = Release;
		};
		DAE1BA94212DBF58008FEE18 /* Debug */ = {
			isa = XCBuildConfiguration;
			buildSettings = {
				CODE_SIGN_STYLE = Automatic;
				DEVELOPMENT_TEAM = 52T6VV3859;
				PRODUCT_NAME = "$(TARGET_NAME)";
				SWIFT_VERSION = 4.0;
			};
			name = Debug;
		};
		DAE1BA95212DBF58008FEE18 /* Release */ = {
			isa = XCBuildConfiguration;
			buildSettings = {
				CODE_SIGN_STYLE = Automatic;
				DEVELOPMENT_TEAM = 52T6VV3859;
				PRODUCT_NAME = "$(TARGET_NAME)";
				SWIFT_VERSION = 4.0;
			};
			name = Release;
		};
/* End XCBuildConfiguration section */

/* Begin XCConfigurationList section */
		DADC28072142D837008E91A7 /* Build configuration list for PBXNativeTarget "TheReturn_test" */ = {
			isa = XCConfigurationList;
			buildConfigurations = (
				DADC28082142D837008E91A7 /* Debug */,
				DADC28092142D837008E91A7 /* Release */,
			);
			defaultConfigurationIsVisible = 0;
			defaultConfigurationName = Release;
		};
		DAE1BA87212DBF57008FEE18 /* Build configuration list for PBXProject "The Return Of The Wizard" */ = {
			isa = XCConfigurationList;
			buildConfigurations = (
				DAE1BA91212DBF58008FEE18 /* Debug */,
				DAE1BA92212DBF58008FEE18 /* Release */,
			);
			defaultConfigurationIsVisible = 0;
			defaultConfigurationName = Release;
		};
		DAE1BA93212DBF58008FEE18 /* Build configuration list for PBXNativeTarget "The Return Of The Wizard" */ = {
			isa = XCConfigurationList;
			buildConfigurations = (
				DAE1BA94212DBF58008FEE18 /* Debug */,
				DAE1BA95212DBF58008FEE18 /* Release */,
			);
			defaultConfigurationIsVisible = 0;
			defaultConfigurationName = Release;
		};
/* End XCConfigurationList section */
	};
	rootObject = DAE1BA84212DBF57008FEE18 /* Project object */;
}
